// !$*UTF8*$!
{
	archiveVersion = 1;
	classes = {
	};
	objectVersion = 48;
	objects = {

/* Begin PBXBuildFile section */
		D29DE2B1203E81B4001AB52A /* AppDelegate.swift in Sources */ = {isa = PBXBuildFile; fileRef = D29DE2B0203E81B4001AB52A /* AppDelegate.swift */; };
		D29DE2B3203E81B4001AB52A /* ViewController.swift in Sources */ = {isa = PBXBuildFile; fileRef = D29DE2B2203E81B4001AB52A /* ViewController.swift */; };
		D29DE2B6203E81B4001AB52A /* Main.storyboard in Resources */ = {isa = PBXBuildFile; fileRef = D29DE2B4203E81B4001AB52A /* Main.storyboard */; };
		D29DE2B8203E81B4001AB52A /* Assets.xcassets in Resources */ = {isa = PBXBuildFile; fileRef = D29DE2B7203E81B4001AB52A /* Assets.xcassets */; };
		D29DE2BB203E81B4001AB52A /* LaunchScreen.storyboard in Resources */ = {isa = PBXBuildFile; fileRef = D29DE2B9203E81B4001AB52A /* LaunchScreen.storyboard */; };
		D29DE2C6203E81B4001AB52A /* ParseChatTests.swift in Sources */ = {isa = PBXBuildFile; fileRef = D29DE2C5203E81B4001AB52A /* ParseChatTests.swift */; };
		D29DE2D1203E81B4001AB52A /* ParseChatUITests.swift in Sources */ = {isa = PBXBuildFile; fileRef = D29DE2D0203E81B4001AB52A /* ParseChatUITests.swift */; };
/* End PBXBuildFile section */

/* Begin PBXContainerItemProxy section */
		D29DE2C2203E81B4001AB52A /* PBXContainerItemProxy */ = {
			isa = PBXContainerItemProxy;
			containerPortal = D29DE2A5203E81B4001AB52A /* Project object */;
			proxyType = 1;
			remoteGlobalIDString = D29DE2AC203E81B4001AB52A;
			remoteInfo = ParseChat;
		};
		D29DE2CD203E81B4001AB52A /* PBXContainerItemProxy */ = {
			isa = PBXContainerItemProxy;
			containerPortal = D29DE2A5203E81B4001AB52A /* Project object */;
			proxyType = 1;
			remoteGlobalIDString = D29DE2AC203E81B4001AB52A;
			remoteInfo = ParseChat;
		};
/* End PBXContainerItemProxy section */

/* Begin PBXFileReference section */
		D29DE2AD203E81B4001AB52A /* ParseChat.app */ = {isa = PBXFileReference; explicitFileType = wrapper.application; includeInIndex = 0; path = ParseChat.app; sourceTree = BUILT_PRODUCTS_DIR; };
		D29DE2B0203E81B4001AB52A /* AppDelegate.swift */ = {isa = PBXFileReference; lastKnownFileType = sourcecode.swift; path = AppDelegate.swift; sourceTree = "<group>"; };
		D29DE2B2203E81B4001AB52A /* ViewController.swift */ = {isa = PBXFileReference; lastKnownFileType = sourcecode.swift; path = ViewController.swift; sourceTree = "<group>"; };
		D29DE2B5203E81B4001AB52A /* Base */ = {isa = PBXFileReference; lastKnownFileType = file.storyboard; name = Base; path = Base.lproj/Main.storyboard; sourceTree = "<group>"; };
		D29DE2B7203E81B4001AB52A /* Assets.xcassets */ = {isa = PBXFileReference; lastKnownFileType = folder.assetcatalog; path = Assets.xcassets; sourceTree = "<group>"; };
		D29DE2BA203E81B4001AB52A /* Base */ = {isa = PBXFileReference; lastKnownFileType = file.storyboard; name = Base; path = Base.lproj/LaunchScreen.storyboard; sourceTree = "<group>"; };
		D29DE2BC203E81B4001AB52A /* Info.plist */ = {isa = PBXFileReference; lastKnownFileType = text.plist.xml; path = Info.plist; sourceTree = "<group>"; };
		D29DE2C1203E81B4001AB52A /* ParseChatTests.xctest */ = {isa = PBXFileReference; explicitFileType = wrapper.cfbundle; includeInIndex = 0; path = ParseChatTests.xctest; sourceTree = BUILT_PRODUCTS_DIR; };
		D29DE2C5203E81B4001AB52A /* ParseChatTests.swift */ = {isa = PBXFileReference; lastKnownFileType = sourcecode.swift; path = ParseChatTests.swift; sourceTree = "<group>"; };
		D29DE2C7203E81B4001AB52A /* Info.plist */ = {isa = PBXFileReference; lastKnownFileType = text.plist.xml; path = Info.plist; sourceTree = "<group>"; };
		D29DE2CC203E81B4001AB52A /* ParseChatUITests.xctest */ = {isa = PBXFileReference; explicitFileType = wrapper.cfbundle; includeInIndex = 0; path = ParseChatUITests.xctest; sourceTree = BUILT_PRODUCTS_DIR; };
		D29DE2D0203E81B4001AB52A /* ParseChatUITests.swift */ = {isa = PBXFileReference; lastKnownFileType = sourcecode.swift; path = ParseChatUITests.swift; sourceTree = "<group>"; };
		D29DE2D2203E81B4001AB52A /* Info.plist */ = {isa = PBXFileReference; lastKnownFileType = text.plist.xml; path = Info.plist; sourceTree = "<group>"; };
/* End PBXFileReference section */

/* Begin PBXFrameworksBuildPhase section */
		D29DE2AA203E81B4001AB52A /* Frameworks */ = {
			isa = PBXFrameworksBuildPhase;
			buildActionMask = 2147483647;
			files = (
			);
			runOnlyForDeploymentPostprocessing = 0;
		};
		D29DE2BE203E81B4001AB52A /* Frameworks */ = {
			isa = PBXFrameworksBuildPhase;
			buildActionMask = 2147483647;
			files = (
			);
			runOnlyForDeploymentPostprocessing = 0;
		};
		D29DE2C9203E81B4001AB52A /* Frameworks */ = {
			isa = PBXFrameworksBuildPhase;
			buildActionMask = 2147483647;
			files = (
			);
			runOnlyForDeploymentPostprocessing = 0;
		};
/* End PBXFrameworksBuildPhase section */

/* Begin PBXGroup section */
		D29DE2A4203E81B4001AB52A = {
			isa = PBXGroup;
			children = (
				D29DE2AF203E81B4001AB52A /* ParseChat */,
				D29DE2C4203E81B4001AB52A /* ParseChatTests */,
				D29DE2CF203E81B4001AB52A /* ParseChatUITests */,
				D29DE2AE203E81B4001AB52A /* Products */,
			);
			sourceTree = "<group>";
		};
		D29DE2AE203E81B4001AB52A /* Products */ = {
			isa = PBXGroup;
			children = (
				D29DE2AD203E81B4001AB52A /* ParseChat.app */,
				D29DE2C1203E81B4001AB52A /* ParseChatTests.xctest */,
				D29DE2CC203E81B4001AB52A /* ParseChatUITests.xctest */,
			);
			name = Products;
			sourceTree = "<group>";
		};
		D29DE2AF203E81B4001AB52A /* ParseChat */ = {
			isa = PBXGroup;
			children = (
				D29DE2B0203E81B4001AB52A /* AppDelegate.swift */,
				D29DE2B2203E81B4001AB52A /* ViewController.swift */,
				D29DE2B4203E81B4001AB52A /* Main.storyboard */,
				D29DE2B7203E81B4001AB52A /* Assets.xcassets */,
				D29DE2B9203E81B4001AB52A /* LaunchScreen.storyboard */,
				D29DE2BC203E81B4001AB52A /* Info.plist */,
			);
			path = ParseChat;
			sourceTree = "<group>";
		};
		D29DE2C4203E81B4001AB52A /* ParseChatTests */ = {
			isa = PBXGroup;
			children = (
				D29DE2C5203E81B4001AB52A /* ParseChatTests.swift */,
				D29DE2C7203E81B4001AB52A /* Info.plist */,
			);
			path = ParseChatTests;
			sourceTree = "<group>";
		};
		D29DE2CF203E81B4001AB52A /* ParseChatUITests */ = {
			isa = PBXGroup;
			children = (
				D29DE2D0203E81B4001AB52A /* ParseChatUITests.swift */,
				D29DE2D2203E81B4001AB52A /* Info.plist */,
			);
			path = ParseChatUITests;
			sourceTree = "<group>";
		};
/* End PBXGroup section */

/* Begin PBXNativeTarget section */
		D29DE2AC203E81B4001AB52A /* ParseChat */ = {
			isa = PBXNativeTarget;
			buildConfigurationList = D29DE2D5203E81B4001AB52A /* Build configuration list for PBXNativeTarget "ParseChat" */;
			buildPhases = (
				D29DE2A9203E81B4001AB52A /* Sources */,
				D29DE2AA203E81B4001AB52A /* Frameworks */,
				D29DE2AB203E81B4001AB52A /* Resources */,
			);
			buildRules = (
			);
			dependencies = (
			);
			name = ParseChat;
			productName = ParseChat;
			productReference = D29DE2AD203E81B4001AB52A /* ParseChat.app */;
			productType = "com.apple.product-type.application";
		};
		D29DE2C0203E81B4001AB52A /* ParseChatTests */ = {
			isa = PBXNativeTarget;
			buildConfigurationList = D29DE2D8203E81B4001AB52A /* Build configuration list for PBXNativeTarget "ParseChatTests" */;
			buildPhases = (
				D29DE2BD203E81B4001AB52A /* Sources */,
				D29DE2BE203E81B4001AB52A /* Frameworks */,
				D29DE2BF203E81B4001AB52A /* Resources */,
			);
			buildRules = (
			);
			dependencies = (
				D29DE2C3203E81B4001AB52A /* PBXTargetDependency */,
			);
			name = ParseChatTests;
			productName = ParseChatTests;
			productReference = D29DE2C1203E81B4001AB52A /* ParseChatTests.xctest */;
			productType = "com.apple.product-type.bundle.unit-test";
		};
		D29DE2CB203E81B4001AB52A /* ParseChatUITests */ = {
			isa = PBXNativeTarget;
			buildConfigurationList = D29DE2DB203E81B4001AB52A /* Build configuration list for PBXNativeTarget "ParseChatUITests" */;
			buildPhases = (
				D29DE2C8203E81B4001AB52A /* Sources */,
				D29DE2C9203E81B4001AB52A /* Frameworks */,
				D29DE2CA203E81B4001AB52A /* Resources */,
			);
			buildRules = (
			);
			dependencies = (
				D29DE2CE203E81B4001AB52A /* PBXTargetDependency */,
			);
			name = ParseChatUITests;
			productName = ParseChatUITests;
			productReference = D29DE2CC203E81B4001AB52A /* ParseChatUITests.xctest */;
			productType = "com.apple.product-type.bundle.ui-testing";
		};
/* End PBXNativeTarget section */

/* Begin PBXProject section */
		D29DE2A5203E81B4001AB52A /* Project object */ = {
			isa = PBXProject;
			attributes = {
				LastSwiftUpdateCheck = 0920;
				LastUpgradeCheck = 0920;
				ORGANIZATIONNAME = "Emily Heejung Son";
				TargetAttributes = {
					D29DE2AC203E81B4001AB52A = {
						CreatedOnToolsVersion = 9.2;
						ProvisioningStyle = Automatic;
					};
					D29DE2C0203E81B4001AB52A = {
						CreatedOnToolsVersion = 9.2;
						ProvisioningStyle = Automatic;
						TestTargetID = D29DE2AC203E81B4001AB52A;
					};
					D29DE2CB203E81B4001AB52A = {
						CreatedOnToolsVersion = 9.2;
						ProvisioningStyle = Automatic;
						TestTargetID = D29DE2AC203E81B4001AB52A;
					};
				};
			};
			buildConfigurationList = D29DE2A8203E81B4001AB52A /* Build configuration list for PBXProject "ParseChat" */;
			compatibilityVersion = "Xcode 8.0";
			developmentRegion = en;
			hasScannedForEncodings = 0;
			knownRegions = (
				en,
				Base,
			);
			mainGroup = D29DE2A4203E81B4001AB52A;
			productRefGroup = D29DE2AE203E81B4001AB52A /* Products */;
			projectDirPath = "";
			projectRoot = "";
			targets = (
				D29DE2AC203E81B4001AB52A /* ParseChat */,
				D29DE2C0203E81B4001AB52A /* ParseChatTests */,
				D29DE2CB203E81B4001AB52A /* ParseChatUITests */,
			);
		};
/* End PBXProject section */

/* Begin PBXResourcesBuildPhase section */
		D29DE2AB203E81B4001AB52A /* Resources */ = {
			isa = PBXResourcesBuildPhase;
			buildActionMask = 2147483647;
			files = (
				D29DE2BB203E81B4001AB52A /* LaunchScreen.storyboard in Resources */,
				D29DE2B8203E81B4001AB52A /* Assets.xcassets in Resources */,
				D29DE2B6203E81B4001AB52A /* Main.storyboard in Resources */,
			);
			runOnlyForDeploymentPostprocessing = 0;
		};
		D29DE2BF203E81B4001AB52A /* Resources */ = {
			isa = PBXResourcesBuildPhase;
			buildActionMask = 2147483647;
			files = (
			);
			runOnlyForDeploymentPostprocessing = 0;
		};
		D29DE2CA203E81B4001AB52A /* Resources */ = {
			isa = PBXResourcesBuildPhase;
			buildActionMask = 2147483647;
			files = (
			);
			runOnlyForDeploymentPostprocessing = 0;
		};
/* End PBXResourcesBuildPhase section */

/* Begin PBXSourcesBuildPhase section */
		D29DE2A9203E81B4001AB52A /* Sources */ = {
			isa = PBXSourcesBuildPhase;
			buildActionMask = 2147483647;
			files = (
				D29DE2B3203E81B4001AB52A /* ViewController.swift in Sources */,
				D29DE2B1203E81B4001AB52A /* AppDelegate.swift in Sources */,
			);
			runOnlyForDeploymentPostprocessing = 0;
		};
		D29DE2BD203E81B4001AB52A /* Sources */ = {
			isa = PBXSourcesBuildPhase;
			buildActionMask = 2147483647;
			files = (
				D29DE2C6203E81B4001AB52A /* ParseChatTests.swift in Sources */,
			);
			runOnlyForDeploymentPostprocessing = 0;
		};
		D29DE2C8203E81B4001AB52A /* Sources */ = {
			isa = PBXSourcesBuildPhase;
			buildActionMask = 2147483647;
			files = (
				D29DE2D1203E81B4001AB52A /* ParseChatUITests.swift in Sources */,
			);
			runOnlyForDeploymentPostprocessing = 0;
		};
/* End PBXSourcesBuildPhase section */

/* Begin PBXTargetDependency section */
		D29DE2C3203E81B4001AB52A /* PBXTargetDependency */ = {
			isa = PBXTargetDependency;
			target = D29DE2AC203E81B4001AB52A /* ParseChat */;
			targetProxy = D29DE2C2203E81B4001AB52A /* PBXContainerItemProxy */;
		};
		D29DE2CE203E81B4001AB52A /* PBXTargetDependency */ = {
			isa = PBXTargetDependency;
			target = D29DE2AC203E81B4001AB52A /* ParseChat */;
			targetProxy = D29DE2CD203E81B4001AB52A /* PBXContainerItemProxy */;
		};
/* End PBXTargetDependency section */

/* Begin PBXVariantGroup section */
		D29DE2B4203E81B4001AB52A /* Main.storyboard */ = {
			isa = PBXVariantGroup;
			children = (
				D29DE2B5203E81B4001AB52A /* Base */,
			);
			name = Main.storyboard;
			sourceTree = "<group>";
		};
		D29DE2B9203E81B4001AB52A /* LaunchScreen.storyboard */ = {
			isa = PBXVariantGroup;
			children = (
				D29DE2BA203E81B4001AB52A /* Base */,
			);
			name = LaunchScreen.storyboard;
			sourceTree = "<group>";
		};
/* End PBXVariantGroup section */

/* Begin XCBuildConfiguration section */
		D29DE2D3203E81B4001AB52A /* Debug */ = {
			isa = XCBuildConfiguration;
			buildSettings = {
				ALWAYS_SEARCH_USER_PATHS = NO;
				CLANG_ANALYZER_NONNULL = YES;
				CLANG_ANALYZER_NUMBER_OBJECT_CONVERSION = YES_AGGRESSIVE;
				CLANG_CXX_LANGUAGE_STANDARD = "gnu++14";
				CLANG_CXX_LIBRARY = "libc++";
				CLANG_ENABLE_MODULES = YES;
				CLANG_ENABLE_OBJC_ARC = YES;
				CLANG_WARN_BLOCK_CAPTURE_AUTORELEASING = YES;
				CLANG_WARN_BOOL_CONVERSION = YES;
				CLANG_WARN_COMMA = YES;
				CLANG_WARN_CONSTANT_CONVERSION = YES;
				CLANG_WARN_DIRECT_OBJC_ISA_USAGE = YES_ERROR;
				CLANG_WARN_DOCUMENTATION_COMMENTS = YES;
				CLANG_WARN_EMPTY_BODY = YES;
				CLANG_WARN_ENUM_CONVERSION = YES;
				CLANG_WARN_INFINITE_RECURSION = YES;
				CLANG_WARN_INT_CONVERSION = YES;
				CLANG_WARN_NON_LITERAL_NULL_CONVERSION = YES;
				CLANG_WARN_OBJC_LITERAL_CONVERSION = YES;
				CLANG_WARN_OBJC_ROOT_CLASS = YES_ERROR;
				CLANG_WARN_RANGE_LOOP_ANALYSIS = YES;
				CLANG_WARN_STRICT_PROTOTYPES = YES;
				CLANG_WARN_SUSPICIOUS_MOVE = YES;
				CLANG_WARN_UNGUARDED_AVAILABILITY = YES_AGGRESSIVE;
				CLANG_WARN_UNREACHABLE_CODE = YES;
				CLANG_WARN__DUPLICATE_METHOD_MATCH = YES;
				CODE_SIGN_IDENTITY = "iPhone Developer";
				COPY_PHASE_STRIP = NO;
				DEBUG_INFORMATION_FORMAT = dwarf;
				ENABLE_STRICT_OBJC_MSGSEND = YES;
				ENABLE_TESTABILITY = YES;
				GCC_C_LANGUAGE_STANDARD = gnu11;
				GCC_DYNAMIC_NO_PIC = NO;
				GCC_NO_COMMON_BLOCKS = YES;
				GCC_OPTIMIZATION_LEVEL = 0;
				GCC_PREPROCESSOR_DEFINITIONS = (
					"DEBUG=1",
					"$(inherited)",
				);
				GCC_WARN_64_TO_32_BIT_CONVERSION = YES;
				GCC_WARN_ABOUT_RETURN_TYPE = YES_ERROR;
				GCC_WARN_UNDECLARED_SELECTOR = YES;
				GCC_WARN_UNINITIALIZED_AUTOS = YES_AGGRESSIVE;
				GCC_WARN_UNUSED_FUNCTION = YES;
				GCC_WARN_UNUSED_VARIABLE = YES;
				IPHONEOS_DEPLOYMENT_TARGET = 11.2;
				MTL_ENABLE_DEBUG_INFO = YES;
				ONLY_ACTIVE_ARCH = YES;
				SDKROOT = iphoneos;
				SWIFT_ACTIVE_COMPILATION_CONDITIONS = DEBUG;
				SWIFT_OPTIMIZATION_LEVEL = "-Onone";
			};
			name = Debug;
		};
		D29DE2D4203E81B4001AB52A /* Release */ = {
			isa = XCBuildConfiguration;
			buildSettings = {
				ALWAYS_SEARCH_USER_PATHS = NO;
				CLANG_ANALYZER_NONNULL = YES;
				CLANG_ANALYZER_NUMBER_OBJECT_CONVERSION = YES_AGGRESSIVE;
				CLANG_CXX_LANGUAGE_STANDARD = "gnu++14";
				CLANG_CXX_LIBRARY = "libc++";
				CLANG_ENABLE_MODULES = YES;
				CLANG_ENABLE_OBJC_ARC = YES;
				CLANG_WARN_BLOCK_CAPTURE_AUTORELEASING = YES;
				CLANG_WARN_BOOL_CONVERSION = YES;
				CLANG_WARN_COMMA = YES;
				CLANG_WARN_CONSTANT_CONVERSION = YES;
				CLANG_WARN_DIRECT_OBJC_ISA_USAGE = YES_ERROR;
				CLANG_WARN_DOCUMENTATION_COMMENTS = YES;
				CLANG_WARN_EMPTY_BODY = YES;
				CLANG_WARN_ENUM_CONVERSION = YES;
				CLANG_WARN_INFINITE_RECURSION = YES;
				CLANG_WARN_INT_CONVERSION = YES;
				CLANG_WARN_NON_LITERAL_NULL_CONVERSION = YES;
				CLANG_WARN_OBJC_LITERAL_CONVERSION = YES;
				CLANG_WARN_OBJC_ROOT_CLASS = YES_ERROR;
				CLANG_WARN_RANGE_LOOP_ANALYSIS = YES;
				CLANG_WARN_STRICT_PROTOTYPES = YES;
				CLANG_WARN_SUSPICIOUS_MOVE = YES;
				CLANG_WARN_UNGUARDED_AVAILABILITY = YES_AGGRESSIVE;
				CLANG_WARN_UNREACHABLE_CODE = YES;
				CLANG_WARN__DUPLICATE_METHOD_MATCH = YES;
				CODE_SIGN_IDENTITY = "iPhone Developer";
				COPY_PHASE_STRIP = NO;
				DEBUG_INFORMATION_FORMAT = "dwarf-with-dsym";
				ENABLE_NS_ASSERTIONS = NO;
				ENABLE_STRICT_OBJC_MSGSEND = YES;
				GCC_C_LANGUAGE_STANDARD = gnu11;
				GCC_NO_COMMON_BLOCKS = YES;
				GCC_WARN_64_TO_32_BIT_CONVERSION = YES;
				GCC_WARN_ABOUT_RETURN_TYPE = YES_ERROR;
				GCC_WARN_UNDECLARED_SELECTOR = YES;
				GCC_WARN_UNINITIALIZED_AUTOS = YES_AGGRESSIVE;
				GCC_WARN_UNUSED_FUNCTION = YES;
				GCC_WARN_UNUSED_VARIABLE = YES;
				IPHONEOS_DEPLOYMENT_TARGET = 11.2;
				MTL_ENABLE_DEBUG_INFO = NO;
				SDKROOT = iphoneos;
				SWIFT_OPTIMIZATION_LEVEL = "-Owholemodule";
				VALIDATE_PRODUCT = YES;
			};
			name = Release;
		};
		D29DE2D6203E81B4001AB52A /* Debug */ = {
			isa = XCBuildConfiguration;
			buildSettings = {
				ASSETCATALOG_COMPILER_APPICON_NAME = AppIcon;
				CODE_SIGN_STYLE = Automatic;
				DEVELOPMENT_TEAM = CFPR2QTMMC;
				INFOPLIST_FILE = ParseChat/Info.plist;
				LD_RUNPATH_SEARCH_PATHS = "$(inherited) @executable_path/Frameworks";
				PRODUCT_BUNDLE_IDENTIFIER = emily.ParseChat;
				PRODUCT_NAME = "$(TARGET_NAME)";
				SWIFT_VERSION = 4.0;
				TARGETED_DEVICE_FAMILY = "1,2";
			};
			name = Debug;
		};
		D29DE2D7203E81B4001AB52A /* Release */ = {
			isa = XCBuildConfiguration;
			buildSettings = {
				ASSETCATALOG_COMPILER_APPICON_NAME = AppIcon;
				CODE_SIGN_STYLE = Automatic;
				DEVELOPMENT_TEAM = CFPR2QTMMC;
				INFOPLIST_FILE = ParseChat/Info.plist;
				LD_RUNPATH_SEARCH_PATHS = "$(inherited) @executable_path/Frameworks";
				PRODUCT_BUNDLE_IDENTIFIER = emily.ParseChat;
				PRODUCT_NAME = "$(TARGET_NAME)";
				SWIFT_VERSION = 4.0;
				TARGETED_DEVICE_FAMILY = "1,2";
			};
			name = Release;
		};
		D29DE2D9203E81B4001AB52A /* Debug */ = {
			isa = XCBuildConfiguration;
			buildSettings = {
				ALWAYS_EMBED_SWIFT_STANDARD_LIBRARIES = YES;
				BUNDLE_LOADER = "$(TEST_HOST)";
				CODE_SIGN_STYLE = Automatic;
				DEVELOPMENT_TEAM = CFPR2QTMMC;
				INFOPLIST_FILE = ParseChatTests/Info.plist;
				LD_RUNPATH_SEARCH_PATHS = "$(inherited) @executable_path/Frameworks @loader_path/Frameworks";
				PRODUCT_BUNDLE_IDENTIFIER = emily.ParseChatTests;
				PRODUCT_NAME = "$(TARGET_NAME)";
				SWIFT_VERSION = 4.0;
				TARGETED_DEVICE_FAMILY = "1,2";
				TEST_HOST = "$(BUILT_PRODUCTS_DIR)/ParseChat.app/ParseChat";
			};
			name = Debug;
		};
		D29DE2DA203E81B4001AB52A /* Release */ = {
			isa = XCBuildConfiguration;
			buildSettings = {
				ALWAYS_EMBED_SWIFT_STANDARD_LIBRARIES = YES;
				BUNDLE_LOADER = "$(TEST_HOST)";
				CODE_SIGN_STYLE = Automatic;
				DEVELOPMENT_TEAM = CFPR2QTMMC;
				INFOPLIST_FILE = ParseChatTests/Info.plist;
				LD_RUNPATH_SEARCH_PATHS = "$(inherited) @executable_path/Frameworks @loader_path/Frameworks";
				PRODUCT_BUNDLE_IDENTIFIER = emily.ParseChatTests;
				PRODUCT_NAME = "$(TARGET_NAME)";
				SWIFT_VERSION = 4.0;
				TARGETED_DEVICE_FAMILY = "1,2";
				TEST_HOST = "$(BUILT_PRODUCTS_DIR)/ParseChat.app/ParseChat";
			};
			name = Release;
		};
		D29DE2DC203E81B4001AB52A /* Debug */ = {
			isa = XCBuildConfiguration;
			buildSettings = {
				ALWAYS_EMBED_SWIFT_STANDARD_LIBRARIES = YES;
				CODE_SIGN_STYLE = Automatic;
				DEVELOPMENT_TEAM = CFPR2QTMMC;
				INFOPLIST_FILE = ParseChatUITests/Info.plist;
				LD_RUNPATH_SEARCH_PATHS = "$(inherited) @executable_path/Frameworks @loader_path/Frameworks";
				PRODUCT_BUNDLE_IDENTIFIER = emily.ParseChatUITests;
				PRODUCT_NAME = "$(TARGET_NAME)";
				SWIFT_VERSION = 4.0;
				TARGETED_DEVICE_FAMILY = "1,2";
				TEST_TARGET_NAME = ParseChat;
			};
			name = Debug;
		};
		D29DE2DD203E81B4001AB52A /* Release */ = {
			isa = XCBuildConfiguration;
			buildSettings = {
				ALWAYS_EMBED_SWIFT_STANDARD_LIBRARIES = YES;
				CODE_SIGN_STYLE = Automatic;
				DEVELOPMENT_TEAM = CFPR2QTMMC;
				INFOPLIST_FILE = ParseChatUITests/Info.plist;
				LD_RUNPATH_SEARCH_PATHS = "$(inherited) @executable_path/Frameworks @loader_path/Frameworks";
				PRODUCT_BUNDLE_IDENTIFIER = emily.ParseChatUITests;
				PRODUCT_NAME = "$(TARGET_NAME)";
				SWIFT_VERSION = 4.0;
				TARGETED_DEVICE_FAMILY = "1,2";
				TEST_TARGET_NAME = ParseChat;
			};
			name = Release;
		};
/* End XCBuildConfiguration section */

/* Begin XCConfigurationList section */
		D29DE2A8203E81B4001AB52A /* Build configuration list for PBXProject "ParseChat" */ = {
			isa = XCConfigurationList;
			buildConfigurations = (
				D29DE2D3203E81B4001AB52A /* Debug */,
				D29DE2D4203E81B4001AB52A /* Release */,
			);
			defaultConfigurationIsVisible = 0;
			defaultConfigurationName = Release;
		};
		D29DE2D5203E81B4001AB52A /* Build configuration list for PBXNativeTarget "ParseChat" */ = {
			isa = XCConfigurationList;
			buildConfigurations = (
				D29DE2D6203E81B4001AB52A /* Debug */,
				D29DE2D7203E81B4001AB52A /* Release */,
			);
			defaultConfigurationIsVisible = 0;
			defaultConfigurationName = Release;
		};
		D29DE2D8203E81B4001AB52A /* Build configuration list for PBXNativeTarget "ParseChatTests" */ = {
			isa = XCConfigurationList;
			buildConfigurations = (
				D29DE2D9203E81B4001AB52A /* Debug */,
				D29DE2DA203E81B4001AB52A /* Release */,
			);
			defaultConfigurationIsVisible = 0;
			defaultConfigurationName = Release;
		};
		D29DE2DB203E81B4001AB52A /* Build configuration list for PBXNativeTarget "ParseChatUITests" */ = {
			isa = XCConfigurationList;
			buildConfigurations = (
				D29DE2DC203E81B4001AB52A /* Debug */,
				D29DE2DD203E81B4001AB52A /* Release */,
			);
			defaultConfigurationIsVisible = 0;
			defaultConfigurationName = Release;
		};
/* End XCConfigurationList section */
	};
	rootObject = D29DE2A5203E81B4001AB52A /* Project object */;
}
